// !$*UTF8*$!
{
	archiveVersion = 1;
	classes = {
	};
	objectVersion = 45;
	objects = {

/* Begin PBXBuildFile section */
		1D3623260D0F684500981E51 /* BubblesAppDelegate.m in Sources */ = {isa = PBXBuildFile; fileRef = 1D3623250D0F684500981E51 /* BubblesAppDelegate.m */; };
		1D60589B0D05DD56006BFB54 /* main.m in Sources */ = {isa = PBXBuildFile; fileRef = 29B97316FDCFA39411CA2CEA /* main.m */; };
		1D60589F0D05DD5A006BFB54 /* Foundation.framework in Frameworks */ = {isa = PBXBuildFile; fileRef = 1D30AB110D05D00D00671497 /* Foundation.framework */; };
		1DF5F4E00D08C38300B7A737 /* UIKit.framework in Frameworks */ = {isa = PBXBuildFile; fileRef = 1DF5F4DF0D08C38300B7A737 /* UIKit.framework */; };
		288765A50DF7441C002DB57D /* CoreGraphics.framework in Frameworks */ = {isa = PBXBuildFile; fileRef = 288765A40DF7441C002DB57D /* CoreGraphics.framework */; };
		2899E5220DE3E06400AC0155 /* BubblesViewController.xib in Resources */ = {isa = PBXBuildFile; fileRef = 2899E5210DE3E06400AC0155 /* BubblesViewController.xib */; };
		28AD733F0D9D9553002E5188 /* MainWindow.xib in Resources */ = {isa = PBXBuildFile; fileRef = 28AD733E0D9D9553002E5188 /* MainWindow.xib */; };
		28D7ACF80DDB3853001CB0EB /* BubblesViewController.m in Sources */ = {isa = PBXBuildFile; fileRef = 28D7ACF70DDB3853001CB0EB /* BubblesViewController.m */; };
		4D0C98511014E92600B6D451 /* BtlUtilities.m in Sources */ = {isa = PBXBuildFile; fileRef = 4D0C98501014E92600B6D451 /* BtlUtilities.m */; };
		4D15F68B10623D7400E199B8 /* bubble7.png in Resources */ = {isa = PBXBuildFile; fileRef = 4D15F68810623D7400E199B8 /* bubble7.png */; };
		4D15F6AA106241BB00E199B8 /* bubble9.png in Resources */ = {isa = PBXBuildFile; fileRef = 4D15F6A9106241BB00E199B8 /* bubble9.png */; };
		4D15F70710624A9C00E199B8 /* bubble5.png in Resources */ = {isa = PBXBuildFile; fileRef = 4D15F70610624A9C00E199B8 /* bubble5.png */; };
		4D15F72910624C5C00E199B8 /* bubble6.png in Resources */ = {isa = PBXBuildFile; fileRef = 4D15F72810624C5C00E199B8 /* bubble6.png */; };
		4D15F72B10624CBB00E199B8 /* bubble8.png in Resources */ = {isa = PBXBuildFile; fileRef = 4D15F72A10624CBB00E199B8 /* bubble8.png */; };
		4D2B02430FAF689E00CFC1C7 /* BubblesView.m in Sources */ = {isa = PBXBuildFile; fileRef = 4D2B02420FAF689E00CFC1C7 /* BubblesView.m */; };
		4D2B02AD0FAF7B9000CFC1C7 /* OneBubbleView.m in Sources */ = {isa = PBXBuildFile; fileRef = 4D2B02AC0FAF7B9000CFC1C7 /* OneBubbleView.m */; };
		4D2B09150FB26DEA00CFC1C7 /* QuartzCore.framework in Frameworks */ = {isa = PBXBuildFile; fileRef = 4D2B09140FB26DEA00CFC1C7 /* QuartzCore.framework */; };
		4D2B0B370FB2C1DF00CFC1C7 /* AudioToolbox.framework in Frameworks */ = {isa = PBXBuildFile; fileRef = 4D2B0B360FB2C1DF00CFC1C7 /* AudioToolbox.framework */; };
		4D57734B0FC3470E002B2086 /* MenuViewController.m in Sources */ = {isa = PBXBuildFile; fileRef = 4D57734A0FC3470E002B2086 /* MenuViewController.m */; };
		4D5773510FC34934002B2086 /* menu_bg.png in Resources */ = {isa = PBXBuildFile; fileRef = 4D5773500FC34934002B2086 /* menu_bg.png */; };
		4D5773540FC34AFF002B2086 /* seanote.png in Resources */ = {isa = PBXBuildFile; fileRef = 4D5773530FC34AFF002B2086 /* seanote.png */; };
		4D7837871060643C00A235DE /* OpenAL.framework in Frameworks */ = {isa = PBXBuildFile; fileRef = 4D78367910604EB600A235DE /* OpenAL.framework */; };
		4D7837C510606AC000A235DE /* AVFoundation.framework in Frameworks */ = {isa = PBXBuildFile; fileRef = 4D7835FA10604C0600A235DE /* AVFoundation.framework */; };
		4D910E1D1069532B00331313 /* bubble4.png in Resources */ = {isa = PBXBuildFile; fileRef = 4D910E1C1069532B00331313 /* bubble4.png */; };
		4D910E951069623A00331313 /* BTLImageShareController.m in Sources */ = {isa = PBXBuildFile; fileRef = 4D910E941069623A00331313 /* BTLImageShareController.m */; };
		4D9111FD106A1D9800331313 /* thumbnail_frame.png in Resources */ = {isa = PBXBuildFile; fileRef = 4D9111FC106A1D9800331313 /* thumbnail_frame.png */; };
		4D911310106A357F00331313 /* MessageUI.framework in Frameworks */ = {isa = PBXBuildFile; fileRef = 4D91130F106A357F00331313 /* MessageUI.framework */; };
		4D911636106C2BFC00331313 /* Default.png in Resources */ = {isa = PBXBuildFile; fileRef = 4D911635106C2BFC00331313 /* Default.png */; };
		4DAA7098102B780900C082CB /* BTLFullScreenCameraController.m in Sources */ = {isa = PBXBuildFile; fileRef = 4DAA7097102B780900C082CB /* BTLFullScreenCameraController.m */; };
		4DAA7664102CB03A00C082CB /* overlay1.png in Resources */ = {isa = PBXBuildFile; fileRef = 4DAA7663102CB03A00C082CB /* overlay1.png */; };
		4DAA76BC102CB4D200C082CB /* overlay2.png in Resources */ = {isa = PBXBuildFile; fileRef = 4DAA76BB102CB4D200C082CB /* overlay2.png */; };
		4DCA243B1015467500E20EC9 /* pop1.aif in Resources */ = {isa = PBXBuildFile; fileRef = 4DCA243A1015467500E20EC9 /* pop1.aif */; };
		4DCA243D1015468500E20EC9 /* bark.aif in Resources */ = {isa = PBXBuildFile; fileRef = 4DCA243C1015468500E20EC9 /* bark.aif */; };
		4DCA243F101546F300E20EC9 /* pop2.aif in Resources */ = {isa = PBXBuildFile; fileRef = 4DCA243E101546F300E20EC9 /* pop2.aif */; };
		4DD85A640FB2F07A00A61B5B /* Session.m in Sources */ = {isa = PBXBuildFile; fileRef = 4DD85A630FB2F07A00A61B5B /* Session.m */; };
		4DD85CA90FB3810400A61B5B /* Icon.png in Resources */ = {isa = PBXBuildFile; fileRef = 4DD85CA80FB3810400A61B5B /* Icon.png */; };
		4DFD1EB1102A5B6400008407 /* SCListener.m in Sources */ = {isa = PBXBuildFile; fileRef = 4DFD1EB0102A5B6400008407 /* SCListener.m */; };
/* End PBXBuildFile section */

/* Begin PBXFileReference section */
		1D30AB110D05D00D00671497 /* Foundation.framework */ = {isa = PBXFileReference; lastKnownFileType = wrapper.framework; name = Foundation.framework; path = System/Library/Frameworks/Foundation.framework; sourceTree = SDKROOT; };
		1D3623240D0F684500981E51 /* BubblesAppDelegate.h */ = {isa = PBXFileReference; fileEncoding = 4; lastKnownFileType = sourcecode.c.h; path = BubblesAppDelegate.h; sourceTree = "<group>"; };
		1D3623250D0F684500981E51 /* BubblesAppDelegate.m */ = {isa = PBXFileReference; fileEncoding = 4; lastKnownFileType = sourcecode.c.objc; path = BubblesAppDelegate.m; sourceTree = "<group>"; };
		1DF5F4DF0D08C38300B7A737 /* UIKit.framework */ = {isa = PBXFileReference; lastKnownFileType = wrapper.framework; name = UIKit.framework; path = System/Library/Frameworks/UIKit.framework; sourceTree = SDKROOT; };
		288765A40DF7441C002DB57D /* CoreGraphics.framework */ = {isa = PBXFileReference; lastKnownFileType = wrapper.framework; name = CoreGraphics.framework; path = System/Library/Frameworks/CoreGraphics.framework; sourceTree = SDKROOT; };
		2899E5210DE3E06400AC0155 /* BubblesViewController.xib */ = {isa = PBXFileReference; lastKnownFileType = file.xib; path = BubblesViewController.xib; sourceTree = "<group>"; };
		28AD733E0D9D9553002E5188 /* MainWindow.xib */ = {isa = PBXFileReference; lastKnownFileType = file.xib; path = MainWindow.xib; sourceTree = "<group>"; };
		28D7ACF60DDB3853001CB0EB /* BubblesViewController.h */ = {isa = PBXFileReference; fileEncoding = 4; lastKnownFileType = sourcecode.c.h; path = BubblesViewController.h; sourceTree = "<group>"; };
		28D7ACF70DDB3853001CB0EB /* BubblesViewController.m */ = {isa = PBXFileReference; fileEncoding = 4; lastKnownFileType = sourcecode.c.objc; path = BubblesViewController.m; sourceTree = "<group>"; };
		29B97316FDCFA39411CA2CEA /* main.m */ = {isa = PBXFileReference; fileEncoding = 4; lastKnownFileType = sourcecode.c.objc; path = main.m; sourceTree = "<group>"; };
		32CA4F630368D1EE00C91783 /* Bubble_Prefix.pch */ = {isa = PBXFileReference; fileEncoding = 4; lastKnownFileType = sourcecode.c.h; path = Bubble_Prefix.pch; sourceTree = "<group>"; };
		4D0C984F1014E92600B6D451 /* BtlUtilities.h */ = {isa = PBXFileReference; fileEncoding = 4; lastKnownFileType = sourcecode.c.h; path = BtlUtilities.h; sourceTree = "<group>"; };
		4D0C98501014E92600B6D451 /* BtlUtilities.m */ = {isa = PBXFileReference; fileEncoding = 4; lastKnownFileType = sourcecode.c.objc; path = BtlUtilities.m; sourceTree = "<group>"; };
		4D15F68810623D7400E199B8 /* bubble7.png */ = {isa = PBXFileReference; lastKnownFileType = image.png; path = bubble7.png; sourceTree = "<group>"; };
		4D15F6A9106241BB00E199B8 /* bubble9.png */ = {isa = PBXFileReference; lastKnownFileType = image.png; path = bubble9.png; sourceTree = "<group>"; };
		4D15F70610624A9C00E199B8 /* bubble5.png */ = {isa = PBXFileReference; lastKnownFileType = image.png; path = bubble5.png; sourceTree = "<group>"; };
		4D15F72810624C5C00E199B8 /* bubble6.png */ = {isa = PBXFileReference; lastKnownFileType = image.png; path = bubble6.png; sourceTree = "<group>"; };
		4D15F72A10624CBB00E199B8 /* bubble8.png */ = {isa = PBXFileReference; lastKnownFileType = image.png; path = bubble8.png; sourceTree = "<group>"; };
		4D2B02410FAF689E00CFC1C7 /* BubblesView.h */ = {isa = PBXFileReference; fileEncoding = 4; lastKnownFileType = sourcecode.c.h; path = BubblesView.h; sourceTree = "<group>"; };
		4D2B02420FAF689E00CFC1C7 /* BubblesView.m */ = {isa = PBXFileReference; fileEncoding = 4; lastKnownFileType = sourcecode.c.objc; path = BubblesView.m; sourceTree = "<group>"; };
		4D2B02AB0FAF7B9000CFC1C7 /* OneBubbleView.h */ = {isa = PBXFileReference; fileEncoding = 4; lastKnownFileType = sourcecode.c.h; path = OneBubbleView.h; sourceTree = "<group>"; };
		4D2B02AC0FAF7B9000CFC1C7 /* OneBubbleView.m */ = {isa = PBXFileReference; fileEncoding = 4; lastKnownFileType = sourcecode.c.objc; path = OneBubbleView.m; sourceTree = "<group>"; };
		4D2B09140FB26DEA00CFC1C7 /* QuartzCore.framework */ = {isa = PBXFileReference; lastKnownFileType = wrapper.framework; name = QuartzCore.framework; path = System/Library/Frameworks/QuartzCore.framework; sourceTree = SDKROOT; };
		4D2B0B360FB2C1DF00CFC1C7 /* AudioToolbox.framework */ = {isa = PBXFileReference; lastKnownFileType = wrapper.framework; name = AudioToolbox.framework; path = System/Library/Frameworks/AudioToolbox.framework; sourceTree = SDKROOT; };
		4D38DEA90FB2D8F900231B96 /* SynthesizeSingleton.h */ = {isa = PBXFileReference; fileEncoding = 4; lastKnownFileType = sourcecode.c.h; path = SynthesizeSingleton.h; sourceTree = "<group>"; };
		4D5773490FC3470E002B2086 /* MenuViewController.h */ = {isa = PBXFileReference; fileEncoding = 4; lastKnownFileType = sourcecode.c.h; path = MenuViewController.h; sourceTree = "<group>"; };
		4D57734A0FC3470E002B2086 /* MenuViewController.m */ = {isa = PBXFileReference; fileEncoding = 4; lastKnownFileType = sourcecode.c.objc; path = MenuViewController.m; sourceTree = "<group>"; };
		4D5773500FC34934002B2086 /* menu_bg.png */ = {isa = PBXFileReference; lastKnownFileType = image.png; path = menu_bg.png; sourceTree = "<group>"; };
		4D5773530FC34AFF002B2086 /* seanote.png */ = {isa = PBXFileReference; lastKnownFileType = image.png; path = seanote.png; sourceTree = "<group>"; };
		4D7635E50FCD24100003451E /* hiBubble.app */ = {isa = PBXFileReference; explicitFileType = wrapper.application; includeInIndex = 0; path = hiBubble.app; sourceTree = BUILT_PRODUCTS_DIR; };
		4D7835FA10604C0600A235DE /* AVFoundation.framework */ = {isa = PBXFileReference; lastKnownFileType = wrapper.framework; name = AVFoundation.framework; path = System/Library/Frameworks/AVFoundation.framework; sourceTree = SDKROOT; };
		4D78367910604EB600A235DE /* OpenAL.framework */ = {isa = PBXFileReference; lastKnownFileType = wrapper.framework; name = OpenAL.framework; path = System/Library/Frameworks/OpenAL.framework; sourceTree = SDKROOT; };
		4D910E1C1069532B00331313 /* bubble4.png */ = {isa = PBXFileReference; lastKnownFileType = image.png; path = bubble4.png; sourceTree = "<group>"; };
		4D910E931069623A00331313 /* BTLImageShareController.h */ = {isa = PBXFileReference; fileEncoding = 4; lastKnownFileType = sourcecode.c.h; path = BTLImageShareController.h; sourceTree = "<group>"; };
		4D910E941069623A00331313 /* BTLImageShareController.m */ = {isa = PBXFileReference; fileEncoding = 4; lastKnownFileType = sourcecode.c.objc; path = BTLImageShareController.m; sourceTree = "<group>"; };
		4D9111FC106A1D9800331313 /* thumbnail_frame.png */ = {isa = PBXFileReference; lastKnownFileType = image.png; path = thumbnail_frame.png; sourceTree = "<group>"; };
		4D91130F106A357F00331313 /* MessageUI.framework */ = {isa = PBXFileReference; lastKnownFileType = wrapper.framework; name = MessageUI.framework; path = System/Library/Frameworks/MessageUI.framework; sourceTree = SDKROOT; };
		4D911635106C2BFC00331313 /* Default.png */ = {isa = PBXFileReference; lastKnownFileType = image.png; path = Default.png; sourceTree = "<group>"; };
		4DAA7096102B780900C082CB /* BTLFullScreenCameraController.h */ = {isa = PBXFileReference; fileEncoding = 4; lastKnownFileType = sourcecode.c.h; path = BTLFullScreenCameraController.h; sourceTree = "<group>"; };
		4DAA7097102B780900C082CB /* BTLFullScreenCameraController.m */ = {isa = PBXFileReference; fileEncoding = 4; lastKnownFileType = sourcecode.c.objc; path = BTLFullScreenCameraController.m; sourceTree = "<group>"; };
		4DAA7663102CB03A00C082CB /* overlay1.png */ = {isa = PBXFileReference; lastKnownFileType = image.png; path = overlay1.png; sourceTree = "<group>"; };
		4DAA76BB102CB4D200C082CB /* overlay2.png */ = {isa = PBXFileReference; lastKnownFileType = image.png; path = overlay2.png; sourceTree = "<group>"; };
		4DCA243A1015467500E20EC9 /* pop1.aif */ = {isa = PBXFileReference; lastKnownFileType = file; path = pop1.aif; sourceTree = "<group>"; };
		4DCA243C1015468500E20EC9 /* bark.aif */ = {isa = PBXFileReference; lastKnownFileType = file; path = bark.aif; sourceTree = "<group>"; };
		4DCA243E101546F300E20EC9 /* pop2.aif */ = {isa = PBXFileReference; lastKnownFileType = file; path = pop2.aif; sourceTree = "<group>"; };
		4DD85A620FB2F07A00A61B5B /* Session.h */ = {isa = PBXFileReference; fileEncoding = 4; lastKnownFileType = sourcecode.c.h; path = Session.h; sourceTree = "<group>"; };
		4DD85A630FB2F07A00A61B5B /* Session.m */ = {isa = PBXFileReference; fileEncoding = 4; lastKnownFileType = sourcecode.c.objc; path = Session.m; sourceTree = "<group>"; };
		4DD85CA80FB3810400A61B5B /* Icon.png */ = {isa = PBXFileReference; lastKnownFileType = image.png; path = Icon.png; sourceTree = "<group>"; };
		4DFD1EAF102A5B6400008407 /* SCListener.h */ = {isa = PBXFileReference; fileEncoding = 4; lastKnownFileType = sourcecode.c.h; path = SCListener.h; sourceTree = "<group>"; };
		4DFD1EB0102A5B6400008407 /* SCListener.m */ = {isa = PBXFileReference; fileEncoding = 4; lastKnownFileType = sourcecode.c.objc; path = SCListener.m; sourceTree = "<group>"; };
		8D1107310486CEB800E47090 /* Bubble-Info.plist */ = {isa = PBXFileReference; fileEncoding = 4; lastKnownFileType = text.plist.xml; path = "Bubble-Info.plist"; plistStructureDefinitionIdentifier = "com.apple.xcode.plist.structure-definition.iphone.info-plist"; sourceTree = "<group>"; };
/* End PBXFileReference section */

/* Begin PBXFrameworksBuildPhase section */
		1D60588F0D05DD3D006BFB54 /* Frameworks */ = {
			isa = PBXFrameworksBuildPhase;
			buildActionMask = 2147483647;
			files = (
				1D60589F0D05DD5A006BFB54 /* Foundation.framework in Frameworks */,
				1DF5F4E00D08C38300B7A737 /* UIKit.framework in Frameworks */,
				288765A50DF7441C002DB57D /* CoreGraphics.framework in Frameworks */,
				4D2B09150FB26DEA00CFC1C7 /* QuartzCore.framework in Frameworks */,
				4D2B0B370FB2C1DF00CFC1C7 /* AudioToolbox.framework in Frameworks */,
				4D7837871060643C00A235DE /* OpenAL.framework in Frameworks */,
				4D7837C510606AC000A235DE /* AVFoundation.framework in Frameworks */,
				4D911310106A357F00331313 /* MessageUI.framework in Frameworks */,
			);
			runOnlyForDeploymentPostprocessing = 0;
		};
/* End PBXFrameworksBuildPhase section */

/* Begin PBXGroup section */
		080E96DDFE201D6D7F000001 /* Classes */ = {
			isa = PBXGroup;
			children = (
				1D3623240D0F684500981E51 /* BubblesAppDelegate.h */,
				1D3623250D0F684500981E51 /* BubblesAppDelegate.m */,
				28D7ACF60DDB3853001CB0EB /* BubblesViewController.h */,
				28D7ACF70DDB3853001CB0EB /* BubblesViewController.m */,
				4D2B02410FAF689E00CFC1C7 /* BubblesView.h */,
				4D2B02420FAF689E00CFC1C7 /* BubblesView.m */,
				4D2B02AB0FAF7B9000CFC1C7 /* OneBubbleView.h */,
				4D2B02AC0FAF7B9000CFC1C7 /* OneBubbleView.m */,
				4DD85A620FB2F07A00A61B5B /* Session.h */,
				4DD85A630FB2F07A00A61B5B /* Session.m */,
				4D5773490FC3470E002B2086 /* MenuViewController.h */,
				4D57734A0FC3470E002B2086 /* MenuViewController.m */,
				4D0C984F1014E92600B6D451 /* BtlUtilities.h */,
				4D0C98501014E92600B6D451 /* BtlUtilities.m */,
			);
			path = Classes;
			sourceTree = "<group>";
		};
		19C28FACFE9D520D11CA2CBB /* Products */ = {
			isa = PBXGroup;
			children = (
				4D7635E50FCD24100003451E /* hiBubble.app */,
			);
			name = Products;
			sourceTree = "<group>";
		};
		29B97314FDCFA39411CA2CEA /* CustomTemplate */ = {
			isa = PBXGroup;
			children = (
				080E96DDFE201D6D7F000001 /* Classes */,
				29B97315FDCFA39411CA2CEA /* Other Sources */,
				29B97317FDCFA39411CA2CEA /* Resources */,
				29B97323FDCFA39411CA2CEA /* Frameworks */,
				19C28FACFE9D520D11CA2CBB /* Products */,
				4D7835FA10604C0600A235DE /* AVFoundation.framework */,
				4D78367910604EB600A235DE /* OpenAL.framework */,
				4D91130F106A357F00331313 /* MessageUI.framework */,
			);
			name = CustomTemplate;
			sourceTree = "<group>";
		};
		29B97315FDCFA39411CA2CEA /* Other Sources */ = {
			isa = PBXGroup;
			children = (
				4DAA7096102B780900C082CB /* BTLFullScreenCameraController.h */,
				4DAA7097102B780900C082CB /* BTLFullScreenCameraController.m */,
				4D910E931069623A00331313 /* BTLImageShareController.h */,
				4D910E941069623A00331313 /* BTLImageShareController.m */,
				4DFD1EAF102A5B6400008407 /* SCListener.h */,
				4DFD1EB0102A5B6400008407 /* SCListener.m */,
				32CA4F630368D1EE00C91783 /* Bubble_Prefix.pch */,
				4D38DEA90FB2D8F900231B96 /* SynthesizeSingleton.h */,
				29B97316FDCFA39411CA2CEA /* main.m */,
			);
			name = "Other Sources";
			sourceTree = "<group>";
		};
		29B97317FDCFA39411CA2CEA /* Resources */ = {
			isa = PBXGroup;
			children = (
				4D911635106C2BFC00331313 /* Default.png */,
				4DAA7663102CB03A00C082CB /* overlay1.png */,
				4DAA76BB102CB4D200C082CB /* overlay2.png */,
				4DCA243A1015467500E20EC9 /* pop1.aif */,
				4DCA243E101546F300E20EC9 /* pop2.aif */,
				4DCA243C1015468500E20EC9 /* bark.aif */,
				2899E5210DE3E06400AC0155 /* BubblesViewController.xib */,
				4DD85CA80FB3810400A61B5B /* Icon.png */,
				4D910E1C1069532B00331313 /* bubble4.png */,
				4D15F70610624A9C00E199B8 /* bubble5.png */,
				4D15F72810624C5C00E199B8 /* bubble6.png */,
				4D15F68810623D7400E199B8 /* bubble7.png */,
				4D15F72A10624CBB00E199B8 /* bubble8.png */,
				4D15F6A9106241BB00E199B8 /* bubble9.png */,
				4D5773530FC34AFF002B2086 /* seanote.png */,
				4D9111FC106A1D9800331313 /* thumbnail_frame.png */,
				4D5773500FC34934002B2086 /* menu_bg.png */,
				28AD733E0D9D9553002E5188 /* MainWindow.xib */,
				8D1107310486CEB800E47090 /* Bubble-Info.plist */,
			);
			name = Resources;
			sourceTree = "<group>";
		};
		29B97323FDCFA39411CA2CEA /* Frameworks */ = {
			isa = PBXGroup;
			children = (
				4D2B0B360FB2C1DF00CFC1C7 /* AudioToolbox.framework */,
				4D2B09140FB26DEA00CFC1C7 /* QuartzCore.framework */,
				1DF5F4DF0D08C38300B7A737 /* UIKit.framework */,
				1D30AB110D05D00D00671497 /* Foundation.framework */,
				288765A40DF7441C002DB57D /* CoreGraphics.framework */,
			);
			name = Frameworks;
			sourceTree = "<group>";
		};
/* End PBXGroup section */

/* Begin PBXNativeTarget section */
		1D6058900D05DD3D006BFB54 /* hiBubble */ = {
			isa = PBXNativeTarget;
			buildConfigurationList = 1D6058960D05DD3E006BFB54 /* Build configuration list for PBXNativeTarget "hiBubble" */;
			buildPhases = (
				1D60588D0D05DD3D006BFB54 /* Resources */,
				1D60588E0D05DD3D006BFB54 /* Sources */,
				1D60588F0D05DD3D006BFB54 /* Frameworks */,
			);
			buildRules = (
			);
			dependencies = (
			);
			name = hiBubble;
			productName = Bubbles;
			productReference = 4D7635E50FCD24100003451E /* hiBubble.app */;
			productType = "com.apple.product-type.application";
		};
/* End PBXNativeTarget section */

/* Begin PBXProject section */
		29B97313FDCFA39411CA2CEA /* Project object */ = {
			isa = PBXProject;
			buildConfigurationList = C01FCF4E08A954540054247B /* Build configuration list for PBXProject "Bubble" */;
			compatibilityVersion = "Xcode 3.1";
			hasScannedForEncodings = 1;
			mainGroup = 29B97314FDCFA39411CA2CEA /* CustomTemplate */;
			projectDirPath = "";
			projectRoot = "";
			targets = (
				1D6058900D05DD3D006BFB54 /* hiBubble */,
			);
		};
/* End PBXProject section */

/* Begin PBXResourcesBuildPhase section */
		1D60588D0D05DD3D006BFB54 /* Resources */ = {
			isa = PBXResourcesBuildPhase;
			buildActionMask = 2147483647;
			files = (
				28AD733F0D9D9553002E5188 /* MainWindow.xib in Resources */,
				2899E5220DE3E06400AC0155 /* BubblesViewController.xib in Resources */,
				4DD85CA90FB3810400A61B5B /* Icon.png in Resources */,
				4D5773510FC34934002B2086 /* menu_bg.png in Resources */,
				4D5773540FC34AFF002B2086 /* seanote.png in Resources */,
				4DCA243B1015467500E20EC9 /* pop1.aif in Resources */,
				4DCA243D1015468500E20EC9 /* bark.aif in Resources */,
				4DCA243F101546F300E20EC9 /* pop2.aif in Resources */,
				4DAA7664102CB03A00C082CB /* overlay1.png in Resources */,
				4DAA76BC102CB4D200C082CB /* overlay2.png in Resources */,
				4D15F68B10623D7400E199B8 /* bubble7.png in Resources */,
				4D15F6AA106241BB00E199B8 /* bubble9.png in Resources */,
				4D15F70710624A9C00E199B8 /* bubble5.png in Resources */,
				4D15F72910624C5C00E199B8 /* bubble6.png in Resources */,
				4D15F72B10624CBB00E199B8 /* bubble8.png in Resources */,
				4D910E1D1069532B00331313 /* bubble4.png in Resources */,
				4D9111FD106A1D9800331313 /* thumbnail_frame.png in Resources */,
				4D911636106C2BFC00331313 /* Default.png in Resources */,
			);
			runOnlyForDeploymentPostprocessing = 0;
		};
/* End PBXResourcesBuildPhase section */

/* Begin PBXSourcesBuildPhase section */
		1D60588E0D05DD3D006BFB54 /* Sources */ = {
			isa = PBXSourcesBuildPhase;
			buildActionMask = 2147483647;
			files = (
				1D60589B0D05DD56006BFB54 /* main.m in Sources */,
				1D3623260D0F684500981E51 /* BubblesAppDelegate.m in Sources */,
				28D7ACF80DDB3853001CB0EB /* BubblesViewController.m in Sources */,
				4D2B02430FAF689E00CFC1C7 /* BubblesView.m in Sources */,
				4D2B02AD0FAF7B9000CFC1C7 /* OneBubbleView.m in Sources */,
				4DD85A640FB2F07A00A61B5B /* Session.m in Sources */,
				4D57734B0FC3470E002B2086 /* MenuViewController.m in Sources */,
				4D0C98511014E92600B6D451 /* BtlUtilities.m in Sources */,
				4DFD1EB1102A5B6400008407 /* SCListener.m in Sources */,
				4DAA7098102B780900C082CB /* BTLFullScreenCameraController.m in Sources */,
				4D910E951069623A00331313 /* BTLImageShareController.m in Sources */,
			);
			runOnlyForDeploymentPostprocessing = 0;
		};
/* End PBXSourcesBuildPhase section */

/* Begin XCBuildConfiguration section */
		1D6058940D05DD3E006BFB54 /* Debug */ = {
			isa = XCBuildConfiguration;
			buildSettings = {
				ALWAYS_SEARCH_USER_PATHS = NO;
				COPY_PHASE_STRIP = NO;
				GCC_DYNAMIC_NO_PIC = NO;
				GCC_OPTIMIZATION_LEVEL = 0;
				GCC_PRECOMPILE_PREFIX_HEADER = YES;
				GCC_PREFIX_HEADER = Bubble_Prefix.pch;
				INFOPLIST_FILE = "Bubble-Info.plist";
				PRODUCT_NAME = hiBubble;
			};
			name = Debug;
		};
		1D6058950D05DD3E006BFB54 /* Release */ = {
			isa = XCBuildConfiguration;
			buildSettings = {
				ALWAYS_SEARCH_USER_PATHS = NO;
				"CODE_SIGN_IDENTITY[sdk=iphoneos*]" = "iPhone Distribution: Bordertown Labs, LLC";
				COPY_PHASE_STRIP = YES;
				GCC_PRECOMPILE_PREFIX_HEADER = YES;
				GCC_PREFIX_HEADER = Bubble_Prefix.pch;
				INFOPLIST_FILE = "Bubble-Info.plist";
				PRODUCT_NAME = hiBubble;
				"PROVISIONING_PROFILE[sdk=iphoneos*]" = "D3339582-5747-41DE-9E10-E207AB727348";
			};
			name = Release;
		};
		4D3330EF0FBC8E1D002FE2C8 /* Distribution */ = {
			isa = XCBuildConfiguration;
			buildSettings = {
				ARCHS = "$(ARCHS_STANDARD_32_BIT)";
				"CODE_SIGN_IDENTITY[sdk=iphoneos*]" = "iPhone Distribution: Bordertown Labs, LLC";
				GCC_C_LANGUAGE_STANDARD = c99;
				GCC_WARN_ABOUT_RETURN_TYPE = YES;
				GCC_WARN_UNUSED_VARIABLE = YES;
				PREBINDING = NO;
				PRODUCT_NAME = hiBubble;
				"PROVISIONING_PROFILE[sdk=iphoneos*]" = "D3339582-5747-41DE-9E10-E207AB727348";
				SDKROOT = iphonesimulator3.1;
			};
			name = Distribution;
		};
		4D3330F00FBC8E1D002FE2C8 /* Distribution */ = {
			isa = XCBuildConfiguration;
			buildSettings = {
				ALWAYS_SEARCH_USER_PATHS = NO;
				"CODE_SIGN_IDENTITY[sdk=iphoneos*]" = "iPhone Distribution: Bordertown Labs, LLC";
				COPY_PHASE_STRIP = YES;
				GCC_PRECOMPILE_PREFIX_HEADER = YES;
				GCC_PREFIX_HEADER = Bubble_Prefix.pch;
				INFOPLIST_FILE = "Bubble-Info.plist";
				PRODUCT_NAME = hiBubble;
				"PROVISIONING_PROFILE[sdk=iphoneos*]" = "D3339582-5747-41DE-9E10-E207AB727348";
			};
			name = Distribution;
		};
		C01FCF4F08A954540054247B /* Debug */ = {
			isa = XCBuildConfiguration;
			buildSettings = {
				ARCHS = "$(ARCHS_STANDARD_32_BIT)";
				"CODE_SIGN_IDENTITY[sdk=iphoneos*]" = "iPhone Developer";
				GCC_C_LANGUAGE_STANDARD = c99;
				GCC_WARN_ABOUT_RETURN_TYPE = YES;
				GCC_WARN_UNUSED_VARIABLE = YES;
				ONLY_ACTIVE_ARCH = YES;
				PREBINDING = NO;
				PRODUCT_NAME = hiBubble;
				SDKROOT = iphonesimulator3.1;
			};
			name = Debug;
		};
		C01FCF5008A954540054247B /* Release */ = {
			isa = XCBuildConfiguration;
			buildSettings = {
				ARCHS = "$(ARCHS_STANDARD_32_BIT)";
				"CODE_SIGN_IDENTITY[sdk=iphoneos*]" = "iPhone Distribution: Bordertown Labs, LLC";
				GCC_C_LANGUAGE_STANDARD = c99;
				GCC_WARN_ABOUT_RETURN_TYPE = YES;
				GCC_WARN_UNUSED_VARIABLE = YES;
				PREBINDING = NO;
				PRODUCT_NAME = hiBubble;
				"PROVISIONING_PROFILE[sdk=iphoneos*]" = "42863D0D-9510-4079-A6DE-364D53A11342";
				SDKROOT = iphonesimulator3.1;
			};
			name = Release;
		};
/* End XCBuildConfiguration section */

/* Begin XCConfigurationList section */
		1D6058960D05DD3E006BFB54 /* Build configuration list for PBXNativeTarget "hiBubble" */ = {
			isa = XCConfigurationList;
			buildConfigurations = (
				1D6058940D05DD3E006BFB54 /* Debug */,
				1D6058950D05DD3E006BFB54 /* Release */,
				4D3330F00FBC8E1D002FE2C8 /* Distribution */,
			);
			defaultConfigurationIsVisible = 0;
			defaultConfigurationName = Release;
		};
		C01FCF4E08A954540054247B /* Build configuration list for PBXProject "Bubble" */ = {
			isa = XCConfigurationList;
			buildConfigurations = (
				C01FCF4F08A954540054247B /* Debug */,
				C01FCF5008A954540054247B /* Release */,
				4D3330EF0FBC8E1D002FE2C8 /* Distribution */,
			);
			defaultConfigurationIsVisible = 0;
			defaultConfigurationName = Release;
		};
/* End XCConfigurationList section */
	};
	rootObject = 29B97313FDCFA39411CA2CEA /* Project object */;
}
